
Microsoft Visual Studio Solution File, Format Version 12.00
# Visual Studio Version 17
VisualStudioVersion = 17.5.33516.290
MinimumVisualStudioVersion = 10.0.40219.1
Project("{FAE04EC0-301F-11D3-BF4B-00C04F79EFBC}") = "Lista02", "Lista02.csproj", "{09538DDA-B8F6-48DD-85E2-FE341E3D2276}"
EndProject
Global
	GlobalSection(SolutionConfigurationPlatforms) = preSolution
		Debug|Any CPU = Debug|Any CPU
		Release|Any CPU = Release|Any CPU
	EndGlobalSection
	GlobalSection(ProjectConfigurationPlatforms) = postSolution
		{09538DDA-B8F6-48DD-85E2-FE341E3D2276}.Debug|Any CPU.ActiveCfg = Debug|Any CPU
		{09538DDA-B8F6-48DD-85E2-FE341E3D2276}.Debug|Any CPU.Build.0 = Debug|Any CPU
		{09538DDA-B8F6-48DD-85E2-FE341E3D2276}.Release|Any CPU.ActiveCfg = Release|Any CPU
		{09538DDA-B8F6-48DD-85E2-FE341E3D2276}.Release|Any CPU.Build.0 = Release|Any CPU
	EndGlobalSection
	GlobalSection(SolutionProperties) = preSolution
		HideSolutionNode = FALSE
	EndGlobalSection
	GlobalSection(ExtensibilityGlobals) = postSolution
		SolutionGuid = {7D8EF039-E222-4EDE-9022-8404D8BF3475}
	EndGlobalSection
EndGlobal
